
Microsoft Visual Studio Solution File, Format Version 12.00
# Visual Studio Version 16
VisualStudioVersion = 16.0.31229.75
MinimumVisualStudioVersion = 10.0.40219.1
Project("{FAE04EC0-301F-11D3-BF4B-00C04F79EFBC}") = "IdentityWithMvc5", "IdentityWithMvc5\IdentityWithMvc5.csproj", "{E7146A46-93B5-4BEA-84C4-428E08196C42}"
EndProject
Project("{FAE04EC0-301F-11D3-BF4B-00C04F79EFBC}") = "IdentityWithMvcCore", "IdentityWithMvcCore\IdentityWithMvcCore.csproj", "{25D8DB01-84A1-40A9-A453-492A7F36F43F}"
EndProject
Global
	GlobalSection(SolutionConfigurationPlatforms) = preSolution
		Debug|Any CPU = Debug|Any CPU
		Release|Any CPU = Release|Any CPU
	EndGlobalSection
	GlobalSection(ProjectConfigurationPlatforms) = postSolution
		{E7146A46-93B5-4BEA-84C4-428E08196C42}.Debug|Any CPU.ActiveCfg = Debug|Any CPU
		{E7146A46-93B5-4BEA-84C4-428E08196C42}.Debug|Any CPU.Build.0 = Debug|Any CPU
		{E7146A46-93B5-4BEA-84C4-428E08196C42}.Release|Any CPU.ActiveCfg = Release|Any CPU
		{E7146A46-93B5-4BEA-84C4-428E08196C42}.Release|Any CPU.Build.0 = Release|Any CPU
		{25D8DB01-84A1-40A9-A453-492A7F36F43F}.Debug|Any CPU.ActiveCfg = Debug|Any CPU
		{25D8DB01-84A1-40A9-A453-492A7F36F43F}.Debug|Any CPU.Build.0 = Debug|Any CPU
		{25D8DB01-84A1-40A9-A453-492A7F36F43F}.Release|Any CPU.ActiveCfg = Release|Any CPU
		{25D8DB01-84A1-40A9-A453-492A7F36F43F}.Release|Any CPU.Build.0 = Release|Any CPU
	EndGlobalSection
	GlobalSection(SolutionProperties) = preSolution
		HideSolutionNode = FALSE
	EndGlobalSection
	GlobalSection(ExtensibilityGlobals) = postSolution
		SolutionGuid = {6D4B632C-2D86-4B6C-AE5B-80FD5565F92E}
	EndGlobalSection
EndGlobal
